// !$*UTF8*$!
{
	archiveVersion = 1;
	classes = {
	};
	objectVersion = 46;
	objects = {

/* Begin PBXBuildFile section */
		4322EB401E8221E4006B0D5D /* Timing.storyboard in Resources */ = {isa = PBXBuildFile; fileRef = 4322EB3F1E8221E4006B0D5D /* Timing.storyboard */; };
		4322EB421E822232006B0D5D /* Fillin.storyboard in Resources */ = {isa = PBXBuildFile; fileRef = 4322EB411E822232006B0D5D /* Fillin.storyboard */; };
		4322EB441E82240F006B0D5D /* TimingViewController.swift in Sources */ = {isa = PBXBuildFile; fileRef = 4322EB431E82240F006B0D5D /* TimingViewController.swift */; };
		4322EB4E1E838EAF006B0D5D /* Time.swift in Sources */ = {isa = PBXBuildFile; fileRef = 4322EB4D1E838EAF006B0D5D /* Time.swift */; };
		4322EB521E8398FA006B0D5D /* Palette.swift in Sources */ = {isa = PBXBuildFile; fileRef = 4322EB511E8398FA006B0D5D /* Palette.swift */; };
		4322EB541E83A8C6006B0D5D /* Caca.swift in Sources */ = {isa = PBXBuildFile; fileRef = 4322EB531E83A8C6006B0D5D /* Caca.swift */; };
		4322EB561E83B6F6006B0D5D /* RecordDetail.storyboard in Resources */ = {isa = PBXBuildFile; fileRef = 4322EB551E83B6F6006B0D5D /* RecordDetail.storyboard */; };
		4322EB581E83B73B006B0D5D /* RecordDetailViewController.swift in Sources */ = {isa = PBXBuildFile; fileRef = 4322EB571E83B73B006B0D5D /* RecordDetailViewController.swift */; };
		4322EB5A1E83E4A6006B0D5D /* GoogleService-Info.plist in Resources */ = {isa = PBXBuildFile; fileRef = 4322EB591E83E4A6006B0D5D /* GoogleService-Info.plist */; };
		4326E9811E8BD9610057363B /* CacaProvider.swift in Sources */ = {isa = PBXBuildFile; fileRef = 4326E9801E8BD9610057363B /* CacaProvider.swift */; };
		4328DCA11E9C7233006D3FB8 /* ProfileViewController.swift in Sources */ = {isa = PBXBuildFile; fileRef = 4328DCA01E9C7233006D3FB8 /* ProfileViewController.swift */; };
		4328DCA41E9C8202006D3FB8 /* Privacy.storyboard in Resources */ = {isa = PBXBuildFile; fileRef = 4328DCA31E9C8202006D3FB8 /* Privacy.storyboard */; };
		4328DCA61E9C823A006D3FB8 /* PrivacyTableViewController.swift in Sources */ = {isa = PBXBuildFile; fileRef = 4328DCA51E9C823A006D3FB8 /* PrivacyTableViewController.swift */; };
		4328DCA81E9C8E6D006D3FB8 /* PrivacyRowView.xib in Resources */ = {isa = PBXBuildFile; fileRef = 4328DCA71E9C8E6D006D3FB8 /* PrivacyRowView.xib */; };
		4328DCAA1E9C8EA8006D3FB8 /* PrivacyRowView.swift in Sources */ = {isa = PBXBuildFile; fileRef = 4328DCA91E9C8EA8006D3FB8 /* PrivacyRowView.swift */; };
		4328DCAC1E9C8ED5006D3FB8 /* PrivacyTableViewCell.swift in Sources */ = {isa = PBXBuildFile; fileRef = 4328DCAB1E9C8ED5006D3FB8 /* PrivacyTableViewCell.swift */; };
		43308EB31E9B4D4D00BB4F0D /* Profile.storyboard in Resources */ = {isa = PBXBuildFile; fileRef = 43308EB21E9B4D4D00BB4F0D /* Profile.storyboard */; };
		4330959B1E8CE68200E65E08 /* SettingTableViewCell.swift in Sources */ = {isa = PBXBuildFile; fileRef = 4330959A1E8CE68200E65E08 /* SettingTableViewCell.swift */; };
		433681191E8A424900D51B5C /* Calendar.storyboard in Resources */ = {isa = PBXBuildFile; fileRef = 433681181E8A424900D51B5C /* Calendar.storyboard */; };
		4336811B1E8A427F00D51B5C /* CalendarCellView.xib in Resources */ = {isa = PBXBuildFile; fileRef = 4336811A1E8A427F00D51B5C /* CalendarCellView.xib */; };
		4336811D1E8A441B00D51B5C /* CalendarCellView.swift in Sources */ = {isa = PBXBuildFile; fileRef = 4336811C1E8A441B00D51B5C /* CalendarCellView.swift */; };
		43372D041E7FB4BD002E2AE3 /* AppDelegate.swift in Sources */ = {isa = PBXBuildFile; fileRef = 43372D031E7FB4BD002E2AE3 /* AppDelegate.swift */; };
		43372D0C1E7FB4BD002E2AE3 /* Caca.xcdatamodeld in Sources */ = {isa = PBXBuildFile; fileRef = 43372D0A1E7FB4BD002E2AE3 /* Caca.xcdatamodeld */; };
		43372D0E1E7FB4BD002E2AE3 /* Assets.xcassets in Resources */ = {isa = PBXBuildFile; fileRef = 43372D0D1E7FB4BD002E2AE3 /* Assets.xcassets */; };
		43372D111E7FB4BD002E2AE3 /* LaunchScreen.storyboard in Resources */ = {isa = PBXBuildFile; fileRef = 43372D0F1E7FB4BD002E2AE3 /* LaunchScreen.storyboard */; };
		43372D1C1E7FC603002E2AE3 /* CacaViewController.swift in Sources */ = {isa = PBXBuildFile; fileRef = 43372D1B1E7FC603002E2AE3 /* CacaViewController.swift */; };
		43372D1F1E7FC635002E2AE3 /* RecordTableViewController.swift in Sources */ = {isa = PBXBuildFile; fileRef = 43372D1D1E7FC635002E2AE3 /* RecordTableViewController.swift */; };
		43372D221E7FC69D002E2AE3 /* CalendarViewController.swift in Sources */ = {isa = PBXBuildFile; fileRef = 43372D211E7FC69D002E2AE3 /* CalendarViewController.swift */; };
		43372D241E7FC6B5002E2AE3 /* SettingTableViewController.swift in Sources */ = {isa = PBXBuildFile; fileRef = 43372D231E7FC6B5002E2AE3 /* SettingTableViewController.swift */; };
		43372D261E7FC780002E2AE3 /* RecordRowView.swift in Sources */ = {isa = PBXBuildFile; fileRef = 43372D251E7FC780002E2AE3 /* RecordRowView.swift */; };
		43372D281E7FC799002E2AE3 /* RecordRowView.xib in Resources */ = {isa = PBXBuildFile; fileRef = 43372D271E7FC799002E2AE3 /* RecordRowView.xib */; };
		43372D2A1E7FC7AC002E2AE3 /* SettingRowView.swift in Sources */ = {isa = PBXBuildFile; fileRef = 43372D291E7FC7AC002E2AE3 /* SettingRowView.swift */; };
		43372D2C1E7FC7B6002E2AE3 /* SettingRowView.xib in Resources */ = {isa = PBXBuildFile; fileRef = 43372D2B1E7FC7B6002E2AE3 /* SettingRowView.xib */; };
		43372D331E7FCA30002E2AE3 /* TabBarController.swift in Sources */ = {isa = PBXBuildFile; fileRef = 43372D321E7FCA30002E2AE3 /* TabBarController.swift */; };
		43372D361E7FCA89002E2AE3 /* TabBar.storyboard in Resources */ = {isa = PBXBuildFile; fileRef = 43372D351E7FCA89002E2AE3 /* TabBar.storyboard */; };
		43372D391E7FCC84002E2AE3 /* CacaNavigationController.swift in Sources */ = {isa = PBXBuildFile; fileRef = 43372D381E7FCC84002E2AE3 /* CacaNavigationController.swift */; };
		43372D3B1E7FCC9D002E2AE3 /* RecordNavigationController.swift in Sources */ = {isa = PBXBuildFile; fileRef = 43372D3A1E7FCC9D002E2AE3 /* RecordNavigationController.swift */; };
		43372D3D1E7FCCB5002E2AE3 /* CalendarNavigationController.swift in Sources */ = {isa = PBXBuildFile; fileRef = 43372D3C1E7FCCB5002E2AE3 /* CalendarNavigationController.swift */; };
		43372D3F1E7FCCC7002E2AE3 /* SettingNavigationController.swift in Sources */ = {isa = PBXBuildFile; fileRef = 43372D3E1E7FCCC7002E2AE3 /* SettingNavigationController.swift */; };
		434398171EAA66F900A8F220 /* UserManager.swift in Sources */ = {isa = PBXBuildFile; fileRef = 434398161EAA66F900A8F220 /* UserManager.swift */; };
		435B71E21EA603F300FBABBF /* PhotoRowView.xib in Resources */ = {isa = PBXBuildFile; fileRef = 435B71E11EA603F300FBABBF /* PhotoRowView.xib */; };
		435B71E41EA6040F00FBABBF /* InfoRowView.xib in Resources */ = {isa = PBXBuildFile; fileRef = 435B71E31EA6040F00FBABBF /* InfoRowView.xib */; };
		435B71E61EA6042000FBABBF /* FinishRowView.xib in Resources */ = {isa = PBXBuildFile; fileRef = 435B71E51EA6042000FBABBF /* FinishRowView.xib */; };
		435B71E81EA607F300FBABBF /* PhotoRowView.swift in Sources */ = {isa = PBXBuildFile; fileRef = 435B71E71EA607F300FBABBF /* PhotoRowView.swift */; };
		435B71EA1EA6080000FBABBF /* InfoRowView.swift in Sources */ = {isa = PBXBuildFile; fileRef = 435B71E91EA6080000FBABBF /* InfoRowView.swift */; };
		435B71EC1EA6080E00FBABBF /* FinishRowView.swift in Sources */ = {isa = PBXBuildFile; fileRef = 435B71EB1EA6080E00FBABBF /* FinishRowView.swift */; };
		435B71EE1EA60AB500FBABBF /* PhotoTableViewCell.swift in Sources */ = {isa = PBXBuildFile; fileRef = 435B71ED1EA60AB500FBABBF /* PhotoTableViewCell.swift */; };
		435B71F01EA60AC100FBABBF /* InfoTableViewCell.swift in Sources */ = {isa = PBXBuildFile; fileRef = 435B71EF1EA60AC100FBABBF /* InfoTableViewCell.swift */; };
		435B71F21EA60ACE00FBABBF /* FinishTableViewCell.swift in Sources */ = {isa = PBXBuildFile; fileRef = 435B71F11EA60ACE00FBABBF /* FinishTableViewCell.swift */; };
		435B71F41EA60B9100FBABBF /* FillinTableViewController.swift in Sources */ = {isa = PBXBuildFile; fileRef = 435B71F31EA60B9100FBABBF /* FillinTableViewController.swift */; };
		4372BF191E969646005F5422 /* PasswordViewController.swift in Sources */ = {isa = PBXBuildFile; fileRef = 4372BF181E969646005F5422 /* PasswordViewController.swift */; };
		4372BF1B1E969F1E005F5422 /* Password.storyboard in Resources */ = {isa = PBXBuildFile; fileRef = 4372BF1A1E969F1E005F5422 /* Password.storyboard */; };
		43811DC01EA8D5270035B672 /* NumberItemView.swift in Sources */ = {isa = PBXBuildFile; fileRef = 43811DBF1EA8D5270035B672 /* NumberItemView.swift */; };
		43811DC21EA8D53D0035B672 /* NumberItemView.xib in Resources */ = {isa = PBXBuildFile; fileRef = 43811DC11EA8D53D0035B672 /* NumberItemView.xib */; };
		43811DC41EA8D64C0035B672 /* NumberCollectionViewCell.swift in Sources */ = {isa = PBXBuildFile; fileRef = 43811DC31EA8D64C0035B672 /* NumberCollectionViewCell.swift */; };
		43811DC61EA8D7E20035B672 /* Authentication.swift in Sources */ = {isa = PBXBuildFile; fileRef = 43811DC51EA8D7E20035B672 /* Authentication.swift */; };
		438B90AB1EA72960001E0A5E /* SpinnerItemRenderer.swift in Sources */ = {isa = PBXBuildFile; fileRef = 438B90AA1EA72960001E0A5E /* SpinnerItemRenderer.swift */; };
		438B90AD1EA7360A001E0A5E /* Color.swift in Sources */ = {isa = PBXBuildFile; fileRef = 438B90AC1EA7360A001E0A5E /* Color.swift */; };
		438B90AF1EA73617001E0A5E /* Shape.swift in Sources */ = {isa = PBXBuildFile; fileRef = 438B90AE1EA73617001E0A5E /* Shape.swift */; };
		438EFD9F1EB1C2F300D9B18A /* ProfilePhotoRowView.swift in Sources */ = {isa = PBXBuildFile; fileRef = 438EFD9E1EB1C2F300D9B18A /* ProfilePhotoRowView.swift */; };
		438EFDA11EB1C30600D9B18A /* ProfilePhotoRowView.xib in Resources */ = {isa = PBXBuildFile; fileRef = 438EFDA01EB1C30600D9B18A /* ProfilePhotoRowView.xib */; };
		438EFDA31EB1C31A00D9B18A /* ProfileTextFieldRowView.swift in Sources */ = {isa = PBXBuildFile; fileRef = 438EFDA21EB1C31A00D9B18A /* ProfileTextFieldRowView.swift */; };
		438EFDA51EB1C32200D9B18A /* ProfileTextFieldRowView.xib in Resources */ = {isa = PBXBuildFile; fileRef = 438EFDA41EB1C32200D9B18A /* ProfileTextFieldRowView.xib */; };
		438EFDA71EB1C33700D9B18A /* ProfileSegmentRowView.swift in Sources */ = {isa = PBXBuildFile; fileRef = 438EFDA61EB1C33700D9B18A /* ProfileSegmentRowView.swift */; };
		438EFDA91EB1C34300D9B18A /* ProfileSegmentRowView.xib in Resources */ = {isa = PBXBuildFile; fileRef = 438EFDA81EB1C34300D9B18A /* ProfileSegmentRowView.xib */; };
		438EFDAB1EB1C35A00D9B18A /* ProfileButtonRowView.swift in Sources */ = {isa = PBXBuildFile; fileRef = 438EFDAA1EB1C35A00D9B18A /* ProfileButtonRowView.swift */; };
		438EFDAD1EB1C36300D9B18A /* ProfileButtonRowView.xib in Resources */ = {isa = PBXBuildFile; fileRef = 438EFDAC1EB1C36300D9B18A /* ProfileButtonRowView.xib */; };
		4396B58A1EA1F63A00A69C4E /* StartViewController.swift in Sources */ = {isa = PBXBuildFile; fileRef = 4396B5891EA1F63A00A69C4E /* StartViewController.swift */; };
		43BA3F971E7FCEED0052125B /* Landing.storyboard in Resources */ = {isa = PBXBuildFile; fileRef = 43BA3F961E7FCEED0052125B /* Landing.storyboard */; };
		43BA3F991E7FCF9B0052125B /* Opening.storyboard in Resources */ = {isa = PBXBuildFile; fileRef = 43BA3F981E7FCF9B0052125B /* Opening.storyboard */; };
		43BA3F9C1E7FCFDF0052125B /* Setting.storyboard in Resources */ = {isa = PBXBuildFile; fileRef = 43BA3F9B1E7FCFDF0052125B /* Setting.storyboard */; };
		43BA3F9E1E7FCFF30052125B /* Record.storyboard in Resources */ = {isa = PBXBuildFile; fileRef = 43BA3F9D1E7FCFF30052125B /* Record.storyboard */; };
		43BA3FA41E7FF48E0052125B /* OpeningPageViewController.swift in Sources */ = {isa = PBXBuildFile; fileRef = 43BA3FA31E7FF48E0052125B /* OpeningPageViewController.swift */; };
		43BA3FA71E8006E80052125B /* OpeningViewController.swift in Sources */ = {isa = PBXBuildFile; fileRef = 43BA3FA61E8006E80052125B /* OpeningViewController.swift */; };
		43BA3FA91E80D64F0052125B /* Caca.storyboard in Resources */ = {isa = PBXBuildFile; fileRef = 43BA3FA81E80D64F0052125B /* Caca.storyboard */; };
		43BA3FB31E815DC30052125B /* RecordTableViewCell.swift in Sources */ = {isa = PBXBuildFile; fileRef = 43BA3FB21E815DC30052125B /* RecordTableViewCell.swift */; };
		43F2FA121E84BE2800E92290 /* SignInViewController.swift in Sources */ = {isa = PBXBuildFile; fileRef = 43F2FA111E84BE2800E92290 /* SignInViewController.swift */; };
		43F2FA141E84BE4300E92290 /* SignUpViewController.swift in Sources */ = {isa = PBXBuildFile; fileRef = 43F2FA131E84BE4300E92290 /* SignUpViewController.swift */; };
		F95845CD50A464FB4F580BFD /* Pods_Caca.framework in Frameworks */ = {isa = PBXBuildFile; fileRef = 98224253DC57BEF9622E41A3 /* Pods_Caca.framework */; };
/* End PBXBuildFile section */

/* Begin PBXFileReference section */
		4322EB3F1E8221E4006B0D5D /* Timing.storyboard */ = {isa = PBXFileReference; fileEncoding = 4; lastKnownFileType = file.storyboard; path = Timing.storyboard; sourceTree = "<group>"; };
		4322EB411E822232006B0D5D /* Fillin.storyboard */ = {isa = PBXFileReference; fileEncoding = 4; lastKnownFileType = file.storyboard; path = Fillin.storyboard; sourceTree = "<group>"; };
		4322EB431E82240F006B0D5D /* TimingViewController.swift */ = {isa = PBXFileReference; fileEncoding = 4; lastKnownFileType = sourcecode.swift; path = TimingViewController.swift; sourceTree = "<group>"; };
		4322EB4D1E838EAF006B0D5D /* Time.swift */ = {isa = PBXFileReference; fileEncoding = 4; lastKnownFileType = sourcecode.swift; path = Time.swift; sourceTree = "<group>"; };
		4322EB511E8398FA006B0D5D /* Palette.swift */ = {isa = PBXFileReference; fileEncoding = 4; lastKnownFileType = sourcecode.swift; path = Palette.swift; sourceTree = "<group>"; };
		4322EB531E83A8C6006B0D5D /* Caca.swift */ = {isa = PBXFileReference; fileEncoding = 4; lastKnownFileType = sourcecode.swift; path = Caca.swift; sourceTree = "<group>"; };
		4322EB551E83B6F6006B0D5D /* RecordDetail.storyboard */ = {isa = PBXFileReference; fileEncoding = 4; lastKnownFileType = file.storyboard; path = RecordDetail.storyboard; sourceTree = "<group>"; };
		4322EB571E83B73B006B0D5D /* RecordDetailViewController.swift */ = {isa = PBXFileReference; fileEncoding = 4; lastKnownFileType = sourcecode.swift; path = RecordDetailViewController.swift; sourceTree = "<group>"; };
		4322EB591E83E4A6006B0D5D /* GoogleService-Info.plist */ = {isa = PBXFileReference; fileEncoding = 4; lastKnownFileType = text.plist.xml; path = "GoogleService-Info.plist"; sourceTree = "<group>"; };
		4326E9801E8BD9610057363B /* CacaProvider.swift */ = {isa = PBXFileReference; fileEncoding = 4; lastKnownFileType = sourcecode.swift; path = CacaProvider.swift; sourceTree = "<group>"; };
		4328DCA01E9C7233006D3FB8 /* ProfileViewController.swift */ = {isa = PBXFileReference; fileEncoding = 4; lastKnownFileType = sourcecode.swift; path = ProfileViewController.swift; sourceTree = "<group>"; };
		4328DCA31E9C8202006D3FB8 /* Privacy.storyboard */ = {isa = PBXFileReference; fileEncoding = 4; lastKnownFileType = file.storyboard; path = Privacy.storyboard; sourceTree = "<group>"; };
		4328DCA51E9C823A006D3FB8 /* PrivacyTableViewController.swift */ = {isa = PBXFileReference; fileEncoding = 4; lastKnownFileType = sourcecode.swift; path = PrivacyTableViewController.swift; sourceTree = "<group>"; };
		4328DCA71E9C8E6D006D3FB8 /* PrivacyRowView.xib */ = {isa = PBXFileReference; fileEncoding = 4; lastKnownFileType = file.xib; path = PrivacyRowView.xib; sourceTree = "<group>"; };
		4328DCA91E9C8EA8006D3FB8 /* PrivacyRowView.swift */ = {isa = PBXFileReference; fileEncoding = 4; lastKnownFileType = sourcecode.swift; path = PrivacyRowView.swift; sourceTree = "<group>"; };
		4328DCAB1E9C8ED5006D3FB8 /* PrivacyTableViewCell.swift */ = {isa = PBXFileReference; fileEncoding = 4; lastKnownFileType = sourcecode.swift; path = PrivacyTableViewCell.swift; sourceTree = "<group>"; };
		43308EB21E9B4D4D00BB4F0D /* Profile.storyboard */ = {isa = PBXFileReference; fileEncoding = 4; lastKnownFileType = file.storyboard; path = Profile.storyboard; sourceTree = "<group>"; };
		4330959A1E8CE68200E65E08 /* SettingTableViewCell.swift */ = {isa = PBXFileReference; fileEncoding = 4; lastKnownFileType = sourcecode.swift; path = SettingTableViewCell.swift; sourceTree = "<group>"; };
		433681181E8A424900D51B5C /* Calendar.storyboard */ = {isa = PBXFileReference; fileEncoding = 4; lastKnownFileType = file.storyboard; path = Calendar.storyboard; sourceTree = "<group>"; };
		4336811A1E8A427F00D51B5C /* CalendarCellView.xib */ = {isa = PBXFileReference; fileEncoding = 4; lastKnownFileType = file.xib; path = CalendarCellView.xib; sourceTree = "<group>"; };
		4336811C1E8A441B00D51B5C /* CalendarCellView.swift */ = {isa = PBXFileReference; fileEncoding = 4; lastKnownFileType = sourcecode.swift; path = CalendarCellView.swift; sourceTree = "<group>"; };
		43372D001E7FB4BD002E2AE3 /* Caca.app */ = {isa = PBXFileReference; explicitFileType = wrapper.application; includeInIndex = 0; path = Caca.app; sourceTree = BUILT_PRODUCTS_DIR; };
		43372D031E7FB4BD002E2AE3 /* AppDelegate.swift */ = {isa = PBXFileReference; lastKnownFileType = sourcecode.swift; path = AppDelegate.swift; sourceTree = "<group>"; };
		43372D0B1E7FB4BD002E2AE3 /* Caca.xcdatamodel */ = {isa = PBXFileReference; lastKnownFileType = wrapper.xcdatamodel; path = Caca.xcdatamodel; sourceTree = "<group>"; };
		43372D0D1E7FB4BD002E2AE3 /* Assets.xcassets */ = {isa = PBXFileReference; lastKnownFileType = folder.assetcatalog; path = Assets.xcassets; sourceTree = "<group>"; };
		43372D101E7FB4BD002E2AE3 /* Base */ = {isa = PBXFileReference; lastKnownFileType = file.storyboard; name = Base; path = Base.lproj/LaunchScreen.storyboard; sourceTree = "<group>"; };
		43372D121E7FB4BD002E2AE3 /* Info.plist */ = {isa = PBXFileReference; lastKnownFileType = text.plist.xml; path = Info.plist; sourceTree = "<group>"; };
		43372D1B1E7FC603002E2AE3 /* CacaViewController.swift */ = {isa = PBXFileReference; fileEncoding = 4; lastKnownFileType = sourcecode.swift; path = CacaViewController.swift; sourceTree = "<group>"; };
		43372D1D1E7FC635002E2AE3 /* RecordTableViewController.swift */ = {isa = PBXFileReference; fileEncoding = 4; lastKnownFileType = sourcecode.swift; path = RecordTableViewController.swift; sourceTree = "<group>"; };
		43372D211E7FC69D002E2AE3 /* CalendarViewController.swift */ = {isa = PBXFileReference; fileEncoding = 4; lastKnownFileType = sourcecode.swift; path = CalendarViewController.swift; sourceTree = "<group>"; };
		43372D231E7FC6B5002E2AE3 /* SettingTableViewController.swift */ = {isa = PBXFileReference; fileEncoding = 4; lastKnownFileType = sourcecode.swift; path = SettingTableViewController.swift; sourceTree = "<group>"; };
		43372D251E7FC780002E2AE3 /* RecordRowView.swift */ = {isa = PBXFileReference; fileEncoding = 4; lastKnownFileType = sourcecode.swift; path = RecordRowView.swift; sourceTree = "<group>"; };
		43372D271E7FC799002E2AE3 /* RecordRowView.xib */ = {isa = PBXFileReference; fileEncoding = 4; lastKnownFileType = file.xib; path = RecordRowView.xib; sourceTree = "<group>"; };
		43372D291E7FC7AC002E2AE3 /* SettingRowView.swift */ = {isa = PBXFileReference; fileEncoding = 4; lastKnownFileType = sourcecode.swift; path = SettingRowView.swift; sourceTree = "<group>"; };
		43372D2B1E7FC7B6002E2AE3 /* SettingRowView.xib */ = {isa = PBXFileReference; fileEncoding = 4; lastKnownFileType = file.xib; path = SettingRowView.xib; sourceTree = "<group>"; };
		43372D321E7FCA30002E2AE3 /* TabBarController.swift */ = {isa = PBXFileReference; fileEncoding = 4; lastKnownFileType = sourcecode.swift; path = TabBarController.swift; sourceTree = "<group>"; };
		43372D351E7FCA89002E2AE3 /* TabBar.storyboard */ = {isa = PBXFileReference; fileEncoding = 4; lastKnownFileType = file.storyboard; path = TabBar.storyboard; sourceTree = "<group>"; };
		43372D381E7FCC84002E2AE3 /* CacaNavigationController.swift */ = {isa = PBXFileReference; fileEncoding = 4; lastKnownFileType = sourcecode.swift; path = CacaNavigationController.swift; sourceTree = "<group>"; };
		43372D3A1E7FCC9D002E2AE3 /* RecordNavigationController.swift */ = {isa = PBXFileReference; fileEncoding = 4; lastKnownFileType = sourcecode.swift; path = RecordNavigationController.swift; sourceTree = "<group>"; };
		43372D3C1E7FCCB5002E2AE3 /* CalendarNavigationController.swift */ = {isa = PBXFileReference; fileEncoding = 4; lastKnownFileType = sourcecode.swift; path = CalendarNavigationController.swift; sourceTree = "<group>"; };
		43372D3E1E7FCCC7002E2AE3 /* SettingNavigationController.swift */ = {isa = PBXFileReference; fileEncoding = 4; lastKnownFileType = sourcecode.swift; path = SettingNavigationController.swift; sourceTree = "<group>"; };
		434398161EAA66F900A8F220 /* UserManager.swift */ = {isa = PBXFileReference; fileEncoding = 4; lastKnownFileType = sourcecode.swift; path = UserManager.swift; sourceTree = "<group>"; };
		435B71E11EA603F300FBABBF /* PhotoRowView.xib */ = {isa = PBXFileReference; fileEncoding = 4; lastKnownFileType = file.xib; path = PhotoRowView.xib; sourceTree = "<group>"; };
		435B71E31EA6040F00FBABBF /* InfoRowView.xib */ = {isa = PBXFileReference; fileEncoding = 4; lastKnownFileType = file.xib; path = InfoRowView.xib; sourceTree = "<group>"; };
		435B71E51EA6042000FBABBF /* FinishRowView.xib */ = {isa = PBXFileReference; fileEncoding = 4; lastKnownFileType = file.xib; path = FinishRowView.xib; sourceTree = "<group>"; };
		435B71E71EA607F300FBABBF /* PhotoRowView.swift */ = {isa = PBXFileReference; fileEncoding = 4; lastKnownFileType = sourcecode.swift; path = PhotoRowView.swift; sourceTree = "<group>"; };
		435B71E91EA6080000FBABBF /* InfoRowView.swift */ = {isa = PBXFileReference; fileEncoding = 4; lastKnownFileType = sourcecode.swift; path = InfoRowView.swift; sourceTree = "<group>"; };
		435B71EB1EA6080E00FBABBF /* FinishRowView.swift */ = {isa = PBXFileReference; fileEncoding = 4; lastKnownFileType = sourcecode.swift; path = FinishRowView.swift; sourceTree = "<group>"; };
		435B71ED1EA60AB500FBABBF /* PhotoTableViewCell.swift */ = {isa = PBXFileReference; fileEncoding = 4; lastKnownFileType = sourcecode.swift; path = PhotoTableViewCell.swift; sourceTree = "<group>"; };
		435B71EF1EA60AC100FBABBF /* InfoTableViewCell.swift */ = {isa = PBXFileReference; fileEncoding = 4; lastKnownFileType = sourcecode.swift; path = InfoTableViewCell.swift; sourceTree = "<group>"; };
		435B71F11EA60ACE00FBABBF /* FinishTableViewCell.swift */ = {isa = PBXFileReference; fileEncoding = 4; lastKnownFileType = sourcecode.swift; path = FinishTableViewCell.swift; sourceTree = "<group>"; };
		435B71F31EA60B9100FBABBF /* FillinTableViewController.swift */ = {isa = PBXFileReference; fileEncoding = 4; lastKnownFileType = sourcecode.swift; path = FillinTableViewController.swift; sourceTree = "<group>"; };
		4372BF181E969646005F5422 /* PasswordViewController.swift */ = {isa = PBXFileReference; fileEncoding = 4; lastKnownFileType = sourcecode.swift; path = PasswordViewController.swift; sourceTree = "<group>"; };
		4372BF1A1E969F1E005F5422 /* Password.storyboard */ = {isa = PBXFileReference; fileEncoding = 4; lastKnownFileType = file.storyboard; path = Password.storyboard; sourceTree = "<group>"; };
		43811DBF1EA8D5270035B672 /* NumberItemView.swift */ = {isa = PBXFileReference; fileEncoding = 4; lastKnownFileType = sourcecode.swift; path = NumberItemView.swift; sourceTree = "<group>"; };
		43811DC11EA8D53D0035B672 /* NumberItemView.xib */ = {isa = PBXFileReference; fileEncoding = 4; lastKnownFileType = file.xib; path = NumberItemView.xib; sourceTree = "<group>"; };
		43811DC31EA8D64C0035B672 /* NumberCollectionViewCell.swift */ = {isa = PBXFileReference; fileEncoding = 4; lastKnownFileType = sourcecode.swift; path = NumberCollectionViewCell.swift; sourceTree = "<group>"; };
		43811DC51EA8D7E20035B672 /* Authentication.swift */ = {isa = PBXFileReference; fileEncoding = 4; lastKnownFileType = sourcecode.swift; path = Authentication.swift; sourceTree = "<group>"; };
		438B90AA1EA72960001E0A5E /* SpinnerItemRenderer.swift */ = {isa = PBXFileReference; fileEncoding = 4; lastKnownFileType = sourcecode.swift; path = SpinnerItemRenderer.swift; sourceTree = "<group>"; };
		438B90AC1EA7360A001E0A5E /* Color.swift */ = {isa = PBXFileReference; fileEncoding = 4; lastKnownFileType = sourcecode.swift; path = Color.swift; sourceTree = "<group>"; };
		438B90AE1EA73617001E0A5E /* Shape.swift */ = {isa = PBXFileReference; fileEncoding = 4; lastKnownFileType = sourcecode.swift; path = Shape.swift; sourceTree = "<group>"; };
		438EFD9E1EB1C2F300D9B18A /* ProfilePhotoRowView.swift */ = {isa = PBXFileReference; fileEncoding = 4; lastKnownFileType = sourcecode.swift; path = ProfilePhotoRowView.swift; sourceTree = "<group>"; };
		438EFDA01EB1C30600D9B18A /* ProfilePhotoRowView.xib */ = {isa = PBXFileReference; fileEncoding = 4; lastKnownFileType = file.xib; path = ProfilePhotoRowView.xib; sourceTree = "<group>"; };
		438EFDA21EB1C31A00D9B18A /* ProfileTextFieldRowView.swift */ = {isa = PBXFileReference; fileEncoding = 4; lastKnownFileType = sourcecode.swift; path = ProfileTextFieldRowView.swift; sourceTree = "<group>"; };
		438EFDA41EB1C32200D9B18A /* ProfileTextFieldRowView.xib */ = {isa = PBXFileReference; fileEncoding = 4; lastKnownFileType = file.xib; path = ProfileTextFieldRowView.xib; sourceTree = "<group>"; };
		438EFDA61EB1C33700D9B18A /* ProfileSegmentRowView.swift */ = {isa = PBXFileReference; fileEncoding = 4; lastKnownFileType = sourcecode.swift; path = ProfileSegmentRowView.swift; sourceTree = "<group>"; };
		438EFDA81EB1C34300D9B18A /* ProfileSegmentRowView.xib */ = {isa = PBXFileReference; fileEncoding = 4; lastKnownFileType = file.xib; path = ProfileSegmentRowView.xib; sourceTree = "<group>"; };
		438EFDAA1EB1C35A00D9B18A /* ProfileButtonRowView.swift */ = {isa = PBXFileReference; fileEncoding = 4; lastKnownFileType = sourcecode.swift; path = ProfileButtonRowView.swift; sourceTree = "<group>"; };
		438EFDAC1EB1C36300D9B18A /* ProfileButtonRowView.xib */ = {isa = PBXFileReference; fileEncoding = 4; lastKnownFileType = file.xib; path = ProfileButtonRowView.xib; sourceTree = "<group>"; };
		4396B5891EA1F63A00A69C4E /* StartViewController.swift */ = {isa = PBXFileReference; fileEncoding = 4; lastKnownFileType = sourcecode.swift; path = StartViewController.swift; sourceTree = "<group>"; };
		43BA3F961E7FCEED0052125B /* Landing.storyboard */ = {isa = PBXFileReference; fileEncoding = 4; lastKnownFileType = file.storyboard; path = Landing.storyboard; sourceTree = "<group>"; };
		43BA3F981E7FCF9B0052125B /* Opening.storyboard */ = {isa = PBXFileReference; fileEncoding = 4; lastKnownFileType = file.storyboard; path = Opening.storyboard; sourceTree = "<group>"; };
		43BA3F9B1E7FCFDF0052125B /* Setting.storyboard */ = {isa = PBXFileReference; fileEncoding = 4; lastKnownFileType = file.storyboard; path = Setting.storyboard; sourceTree = "<group>"; };
		43BA3F9D1E7FCFF30052125B /* Record.storyboard */ = {isa = PBXFileReference; fileEncoding = 4; lastKnownFileType = file.storyboard; path = Record.storyboard; sourceTree = "<group>"; };
		43BA3FA31E7FF48E0052125B /* OpeningPageViewController.swift */ = {isa = PBXFileReference; fileEncoding = 4; lastKnownFileType = sourcecode.swift; path = OpeningPageViewController.swift; sourceTree = "<group>"; };
		43BA3FA61E8006E80052125B /* OpeningViewController.swift */ = {isa = PBXFileReference; fileEncoding = 4; lastKnownFileType = sourcecode.swift; path = OpeningViewController.swift; sourceTree = "<group>"; };
		43BA3FA81E80D64F0052125B /* Caca.storyboard */ = {isa = PBXFileReference; fileEncoding = 4; lastKnownFileType = file.storyboard; path = Caca.storyboard; sourceTree = "<group>"; };
		43BA3FB21E815DC30052125B /* RecordTableViewCell.swift */ = {isa = PBXFileReference; fileEncoding = 4; lastKnownFileType = sourcecode.swift; path = RecordTableViewCell.swift; sourceTree = "<group>"; };
		43F2FA111E84BE2800E92290 /* SignInViewController.swift */ = {isa = PBXFileReference; fileEncoding = 4; lastKnownFileType = sourcecode.swift; path = SignInViewController.swift; sourceTree = "<group>"; };
		43F2FA131E84BE4300E92290 /* SignUpViewController.swift */ = {isa = PBXFileReference; fileEncoding = 4; lastKnownFileType = sourcecode.swift; path = SignUpViewController.swift; sourceTree = "<group>"; };
		7DADD57322E5B4218C94F560 /* Pods-Caca.debug.xcconfig */ = {isa = PBXFileReference; includeInIndex = 1; lastKnownFileType = text.xcconfig; name = "Pods-Caca.debug.xcconfig"; path = "Pods/Target Support Files/Pods-Caca/Pods-Caca.debug.xcconfig"; sourceTree = "<group>"; };
		7FD9A553529C5EDD2843816A /* Pods-Caca.release.xcconfig */ = {isa = PBXFileReference; includeInIndex = 1; lastKnownFileType = text.xcconfig; name = "Pods-Caca.release.xcconfig"; path = "Pods/Target Support Files/Pods-Caca/Pods-Caca.release.xcconfig"; sourceTree = "<group>"; };
		98224253DC57BEF9622E41A3 /* Pods_Caca.framework */ = {isa = PBXFileReference; explicitFileType = wrapper.framework; includeInIndex = 0; path = Pods_Caca.framework; sourceTree = BUILT_PRODUCTS_DIR; };
/* End PBXFileReference section */

/* Begin PBXFrameworksBuildPhase section */
		43372CFD1E7FB4BD002E2AE3 /* Frameworks */ = {
			isa = PBXFrameworksBuildPhase;
			buildActionMask = 2147483647;
			files = (
				F95845CD50A464FB4F580BFD /* Pods_Caca.framework in Frameworks */,
			);
			runOnlyForDeploymentPostprocessing = 0;
		};
/* End PBXFrameworksBuildPhase section */

/* Begin PBXGroup section */
		43372CF71E7FB4BD002E2AE3 = {
			isa = PBXGroup;
			children = (
				43372D021E7FB4BD002E2AE3 /* Caca */,
				43372D011E7FB4BD002E2AE3 /* Products */,
				4D40147E3D80F0A118207D3C /* Pods */,
				DD2EABAD361F6554F6117C26 /* Frameworks */,
			);
			sourceTree = "<group>";
		};
		43372D011E7FB4BD002E2AE3 /* Products */ = {
			isa = PBXGroup;
			children = (
				43372D001E7FB4BD002E2AE3 /* Caca.app */,
			);
			name = Products;
			sourceTree = "<group>";
		};
		43372D021E7FB4BD002E2AE3 /* Caca */ = {
			isa = PBXGroup;
			children = (
				43A8D8BC1E85079200B28A6F /* Landing */,
				43BA3FA51E8006CF0052125B /* Opening */,
				43BA3F9F1E7FD13B0052125B /* Caca */,
				43372D301E7FC86C002E2AE3 /* Record */,
				43BA3FA01E7FD1440052125B /* Calendar */,
				43372D2F1E7FC84A002E2AE3 /* Setting */,
				43372D371E7FCC3B002E2AE3 /* Navigation */,
				43372D341E7FCA4E002E2AE3 /* TabBar */,
				43372D311E7FC8C1002E2AE3 /* Storyboard */,
				43372D031E7FB4BD002E2AE3 /* AppDelegate.swift */,
				4322EB511E8398FA006B0D5D /* Palette.swift */,
				43372D0D1E7FB4BD002E2AE3 /* Assets.xcassets */,
				43372D121E7FB4BD002E2AE3 /* Info.plist */,
				4322EB591E83E4A6006B0D5D /* GoogleService-Info.plist */,
				43372D0A1E7FB4BD002E2AE3 /* Caca.xcdatamodeld */,
			);
			path = Caca;
			sourceTree = "<group>";
		};
		43372D2F1E7FC84A002E2AE3 /* Setting */ = {
			isa = PBXGroup;
			children = (
				43372D2B1E7FC7B6002E2AE3 /* SettingRowView.xib */,
				43372D291E7FC7AC002E2AE3 /* SettingRowView.swift */,
				4330959A1E8CE68200E65E08 /* SettingTableViewCell.swift */,
				43372D231E7FC6B5002E2AE3 /* SettingTableViewController.swift */,
				438EFDAE1EB1C36900D9B18A /* Profile */,
				4396B58B1EA2241E00A69C4E /* Privacy */,
			);
			name = Setting;
			sourceTree = "<group>";
		};
		43372D301E7FC86C002E2AE3 /* Record */ = {
			isa = PBXGroup;
			children = (
				43372D271E7FC799002E2AE3 /* RecordRowView.xib */,
				43372D251E7FC780002E2AE3 /* RecordRowView.swift */,
				43BA3FB21E815DC30052125B /* RecordTableViewCell.swift */,
				43372D1D1E7FC635002E2AE3 /* RecordTableViewController.swift */,
				4322EB571E83B73B006B0D5D /* RecordDetailViewController.swift */,
			);
			name = Record;
			sourceTree = "<group>";
		};
		43372D311E7FC8C1002E2AE3 /* Storyboard */ = {
			isa = PBXGroup;
			children = (
				43BA3F961E7FCEED0052125B /* Landing.storyboard */,
				43372D0F1E7FB4BD002E2AE3 /* LaunchScreen.storyboard */,
				43BA3F981E7FCF9B0052125B /* Opening.storyboard */,
				43BA3FA81E80D64F0052125B /* Caca.storyboard */,
				4322EB3F1E8221E4006B0D5D /* Timing.storyboard */,
				4322EB411E822232006B0D5D /* Fillin.storyboard */,
				43BA3F9D1E7FCFF30052125B /* Record.storyboard */,
				4322EB551E83B6F6006B0D5D /* RecordDetail.storyboard */,
				433681181E8A424900D51B5C /* Calendar.storyboard */,
				43BA3F9B1E7FCFDF0052125B /* Setting.storyboard */,
				43308EB21E9B4D4D00BB4F0D /* Profile.storyboard */,
				4328DCA31E9C8202006D3FB8 /* Privacy.storyboard */,
				4372BF1A1E969F1E005F5422 /* Password.storyboard */,
				43372D351E7FCA89002E2AE3 /* TabBar.storyboard */,
			);
			name = Storyboard;
			sourceTree = "<group>";
		};
		43372D341E7FCA4E002E2AE3 /* TabBar */ = {
			isa = PBXGroup;
			children = (
				43372D321E7FCA30002E2AE3 /* TabBarController.swift */,
			);
			name = TabBar;
			sourceTree = "<group>";
		};
		43372D371E7FCC3B002E2AE3 /* Navigation */ = {
			isa = PBXGroup;
			children = (
				43372D381E7FCC84002E2AE3 /* CacaNavigationController.swift */,
				43372D3A1E7FCC9D002E2AE3 /* RecordNavigationController.swift */,
				43372D3C1E7FCCB5002E2AE3 /* CalendarNavigationController.swift */,
				43372D3E1E7FCCC7002E2AE3 /* SettingNavigationController.swift */,
			);
			name = Navigation;
			sourceTree = "<group>";
		};
		435B71E01EA603BD00FBABBF /* Fillin */ = {
			isa = PBXGroup;
			children = (
				435B71E11EA603F300FBABBF /* PhotoRowView.xib */,
				435B71E71EA607F300FBABBF /* PhotoRowView.swift */,
				435B71ED1EA60AB500FBABBF /* PhotoTableViewCell.swift */,
				435B71E31EA6040F00FBABBF /* InfoRowView.xib */,
				435B71E91EA6080000FBABBF /* InfoRowView.swift */,
				435B71EF1EA60AC100FBABBF /* InfoTableViewCell.swift */,
				435B71E51EA6042000FBABBF /* FinishRowView.xib */,
				435B71EB1EA6080E00FBABBF /* FinishRowView.swift */,
				435B71F11EA60ACE00FBABBF /* FinishTableViewCell.swift */,
				435B71F31EA60B9100FBABBF /* FillinTableViewController.swift */,
				438B90AA1EA72960001E0A5E /* SpinnerItemRenderer.swift */,
			);
			name = Fillin;
			sourceTree = "<group>";
		};
		438EFDAE1EB1C36900D9B18A /* Profile */ = {
			isa = PBXGroup;
			children = (
				438EFDA01EB1C30600D9B18A /* ProfilePhotoRowView.xib */,
				438EFD9E1EB1C2F300D9B18A /* ProfilePhotoRowView.swift */,
				438EFDA41EB1C32200D9B18A /* ProfileTextFieldRowView.xib */,
				438EFDA21EB1C31A00D9B18A /* ProfileTextFieldRowView.swift */,
				438EFDA81EB1C34300D9B18A /* ProfileSegmentRowView.xib */,
				438EFDA61EB1C33700D9B18A /* ProfileSegmentRowView.swift */,
				438EFDAC1EB1C36300D9B18A /* ProfileButtonRowView.xib */,
				438EFDAA1EB1C35A00D9B18A /* ProfileButtonRowView.swift */,
				4328DCA01E9C7233006D3FB8 /* ProfileViewController.swift */,
			);
			name = Profile;
			sourceTree = "<group>";
		};
		4396B58B1EA2241E00A69C4E /* Privacy */ = {
			isa = PBXGroup;
			children = (
				4328DCA71E9C8E6D006D3FB8 /* PrivacyRowView.xib */,
				4328DCA91E9C8EA8006D3FB8 /* PrivacyRowView.swift */,
				4328DCAB1E9C8ED5006D3FB8 /* PrivacyTableViewCell.swift */,
				4328DCA51E9C823A006D3FB8 /* PrivacyTableViewController.swift */,
				43811DC11EA8D53D0035B672 /* NumberItemView.xib */,
				43811DBF1EA8D5270035B672 /* NumberItemView.swift */,
				43811DC31EA8D64C0035B672 /* NumberCollectionViewCell.swift */,
				4372BF181E969646005F5422 /* PasswordViewController.swift */,
				43811DC51EA8D7E20035B672 /* Authentication.swift */,
			);
			name = Privacy;
			sourceTree = "<group>";
		};
		43A8D8BC1E85079200B28A6F /* Landing */ = {
			isa = PBXGroup;
			children = (
				4396B5891EA1F63A00A69C4E /* StartViewController.swift */,
				43F2FA111E84BE2800E92290 /* SignInViewController.swift */,
				43F2FA131E84BE4300E92290 /* SignUpViewController.swift */,
				434398161EAA66F900A8F220 /* UserManager.swift */,
			);
			name = Landing;
			sourceTree = "<group>";
		};
		43BA3F9F1E7FD13B0052125B /* Caca */ = {
			isa = PBXGroup;
			children = (
				43372D1B1E7FC603002E2AE3 /* CacaViewController.swift */,
				4322EB431E82240F006B0D5D /* TimingViewController.swift */,
				435B71E01EA603BD00FBABBF /* Fillin */,
				4322EB4D1E838EAF006B0D5D /* Time.swift */,
				4322EB531E83A8C6006B0D5D /* Caca.swift */,
				438B90AE1EA73617001E0A5E /* Shape.swift */,
				438B90AC1EA7360A001E0A5E /* Color.swift */,
				4326E9801E8BD9610057363B /* CacaProvider.swift */,
			);
			name = Caca;
			sourceTree = "<group>";
		};
		43BA3FA01E7FD1440052125B /* Calendar */ = {
			isa = PBXGroup;
			children = (
				4336811A1E8A427F00D51B5C /* CalendarCellView.xib */,
				4336811C1E8A441B00D51B5C /* CalendarCellView.swift */,
				43372D211E7FC69D002E2AE3 /* CalendarViewController.swift */,
			);
			name = Calendar;
			sourceTree = "<group>";
		};
		43BA3FA51E8006CF0052125B /* Opening */ = {
			isa = PBXGroup;
			children = (
				43BA3FA31E7FF48E0052125B /* OpeningPageViewController.swift */,
				43BA3FA61E8006E80052125B /* OpeningViewController.swift */,
			);
			name = Opening;
			sourceTree = "<group>";
		};
		4D40147E3D80F0A118207D3C /* Pods */ = {
			isa = PBXGroup;
			children = (
				7DADD57322E5B4218C94F560 /* Pods-Caca.debug.xcconfig */,
				7FD9A553529C5EDD2843816A /* Pods-Caca.release.xcconfig */,
			);
			name = Pods;
			sourceTree = "<group>";
		};
		DD2EABAD361F6554F6117C26 /* Frameworks */ = {
			isa = PBXGroup;
			children = (
				98224253DC57BEF9622E41A3 /* Pods_Caca.framework */,
			);
			name = Frameworks;
			sourceTree = "<group>";
		};
/* End PBXGroup section */

/* Begin PBXNativeTarget section */
		43372CFF1E7FB4BD002E2AE3 /* Caca */ = {
			isa = PBXNativeTarget;
			buildConfigurationList = 43372D151E7FB4BD002E2AE3 /* Build configuration list for PBXNativeTarget "Caca" */;
			buildPhases = (
				D56EA147E05B12629A1D5033 /* [CP] Check Pods Manifest.lock */,
				43372CFC1E7FB4BD002E2AE3 /* Sources */,
				43372CFD1E7FB4BD002E2AE3 /* Frameworks */,
				43372CFE1E7FB4BD002E2AE3 /* Resources */,
				1823AE7D3636F1CC228E5E6C /* [CP] Embed Pods Frameworks */,
				1107703EA5C3EE6CB4C3A34D /* [CP] Copy Pods Resources */,
				43372D181E7FBC9C002E2AE3 /* SwiftLint */,
				43016AE71EADE6800030AC73 /* Crashlytics */,
			);
			buildRules = (
			);
			dependencies = (
			);
			name = Caca;
			productName = Caca;
			productReference = 43372D001E7FB4BD002E2AE3 /* Caca.app */;
			productType = "com.apple.product-type.application";
		};
/* End PBXNativeTarget section */

/* Begin PBXProject section */
		43372CF81E7FB4BD002E2AE3 /* Project object */ = {
			isa = PBXProject;
			attributes = {
				LastSwiftUpdateCheck = 0820;
				LastUpgradeCheck = 0820;
				ORGANIZATIONNAME = "Hsin-Yu Tang";
				TargetAttributes = {
					43372CFF1E7FB4BD002E2AE3 = {
						CreatedOnToolsVersion = 8.2.1;
						DevelopmentTeam = V35V7R5VNP;
						ProvisioningStyle = Automatic;
					};
				};
			};
			buildConfigurationList = 43372CFB1E7FB4BD002E2AE3 /* Build configuration list for PBXProject "Caca" */;
			compatibilityVersion = "Xcode 3.2";
			developmentRegion = English;
			hasScannedForEncodings = 0;
			knownRegions = (
				en,
				Base,
			);
			mainGroup = 43372CF71E7FB4BD002E2AE3;
			productRefGroup = 43372D011E7FB4BD002E2AE3 /* Products */;
			projectDirPath = "";
			projectRoot = "";
			targets = (
				43372CFF1E7FB4BD002E2AE3 /* Caca */,
			);
		};
/* End PBXProject section */

/* Begin PBXResourcesBuildPhase section */
		43372CFE1E7FB4BD002E2AE3 /* Resources */ = {
			isa = PBXResourcesBuildPhase;
			buildActionMask = 2147483647;
			files = (
				4328DCA81E9C8E6D006D3FB8 /* PrivacyRowView.xib in Resources */,
				438EFDAD1EB1C36300D9B18A /* ProfileButtonRowView.xib in Resources */,
				43372D281E7FC799002E2AE3 /* RecordRowView.xib in Resources */,
				43308EB31E9B4D4D00BB4F0D /* Profile.storyboard in Resources */,
				43BA3F991E7FCF9B0052125B /* Opening.storyboard in Resources */,
				43372D2C1E7FC7B6002E2AE3 /* SettingRowView.xib in Resources */,
				438EFDA51EB1C32200D9B18A /* ProfileTextFieldRowView.xib in Resources */,
				43811DC21EA8D53D0035B672 /* NumberItemView.xib in Resources */,
				43372D111E7FB4BD002E2AE3 /* LaunchScreen.storyboard in Resources */,
				433681191E8A424900D51B5C /* Calendar.storyboard in Resources */,
				4372BF1B1E969F1E005F5422 /* Password.storyboard in Resources */,
				435B71E61EA6042000FBABBF /* FinishRowView.xib in Resources */,
				43BA3F971E7FCEED0052125B /* Landing.storyboard in Resources */,
				4322EB5A1E83E4A6006B0D5D /* GoogleService-Info.plist in Resources */,
				43BA3F9C1E7FCFDF0052125B /* Setting.storyboard in Resources */,
				43372D0E1E7FB4BD002E2AE3 /* Assets.xcassets in Resources */,
				4328DCA41E9C8202006D3FB8 /* Privacy.storyboard in Resources */,
				4336811B1E8A427F00D51B5C /* CalendarCellView.xib in Resources */,
				43372D361E7FCA89002E2AE3 /* TabBar.storyboard in Resources */,
				435B71E41EA6040F00FBABBF /* InfoRowView.xib in Resources */,
				438EFDA91EB1C34300D9B18A /* ProfileSegmentRowView.xib in Resources */,
				438EFDA11EB1C30600D9B18A /* ProfilePhotoRowView.xib in Resources */,
				4322EB401E8221E4006B0D5D /* Timing.storyboard in Resources */,
				4322EB421E822232006B0D5D /* Fillin.storyboard in Resources */,
				43BA3FA91E80D64F0052125B /* Caca.storyboard in Resources */,
				435B71E21EA603F300FBABBF /* PhotoRowView.xib in Resources */,
				4322EB561E83B6F6006B0D5D /* RecordDetail.storyboard in Resources */,
				43BA3F9E1E7FCFF30052125B /* Record.storyboard in Resources */,
			);
			runOnlyForDeploymentPostprocessing = 0;
		};
/* End PBXResourcesBuildPhase section */

/* Begin PBXShellScriptBuildPhase section */
		1107703EA5C3EE6CB4C3A34D /* [CP] Copy Pods Resources */ = {
			isa = PBXShellScriptBuildPhase;
			buildActionMask = 2147483647;
			files = (
			);
			inputPaths = (
			);
			name = "[CP] Copy Pods Resources";
			outputPaths = (
			);
			runOnlyForDeploymentPostprocessing = 0;
			shellPath = /bin/sh;
			shellScript = "\"${SRCROOT}/Pods/Target Support Files/Pods-Caca/Pods-Caca-resources.sh\"\n";
			showEnvVarsInLog = 0;
		};
		1823AE7D3636F1CC228E5E6C /* [CP] Embed Pods Frameworks */ = {
			isa = PBXShellScriptBuildPhase;
			buildActionMask = 2147483647;
			files = (
			);
			inputPaths = (
			);
			name = "[CP] Embed Pods Frameworks";
			outputPaths = (
			);
			runOnlyForDeploymentPostprocessing = 0;
			shellPath = /bin/sh;
			shellScript = "\"${SRCROOT}/Pods/Target Support Files/Pods-Caca/Pods-Caca-frameworks.sh\"\n";
			showEnvVarsInLog = 0;
		};
		43016AE71EADE6800030AC73 /* Crashlytics */ = {
			isa = PBXShellScriptBuildPhase;
			buildActionMask = 2147483647;
			files = (
			);
			inputPaths = (
			);
			name = Crashlytics;
			outputPaths = (
			);
			runOnlyForDeploymentPostprocessing = 0;
			shellPath = /bin/sh;
			shellScript = "\"${PODS_ROOT}/Fabric/run\" 8d859f1c85e6982b092b11fcfefda3fb4e17ddee 20d4fbebe02d189cc0b390a0c6b9958aca1bd330de0cdd1f40a94ee1032d6d8c";
		};
		43372D181E7FBC9C002E2AE3 /* SwiftLint */ = {
			isa = PBXShellScriptBuildPhase;
			buildActionMask = 2147483647;
			files = (
			);
			inputPaths = (
			);
			name = SwiftLint;
			outputPaths = (
			);
			runOnlyForDeploymentPostprocessing = 0;
			shellPath = /bin/sh;
			shellScript = "if which swiftlint >/dev/null; then\n    swiftlint\nelse\n    echo \"warning: SwiftLint not installed, download from https://github.com/realm/SwiftLint\"\nfi";
		};
		D56EA147E05B12629A1D5033 /* [CP] Check Pods Manifest.lock */ = {
			isa = PBXShellScriptBuildPhase;
			buildActionMask = 2147483647;
			files = (
			);
			inputPaths = (
			);
			name = "[CP] Check Pods Manifest.lock";
			outputPaths = (
			);
			runOnlyForDeploymentPostprocessing = 0;
			shellPath = /bin/sh;
			shellScript = "diff \"${PODS_ROOT}/../Podfile.lock\" \"${PODS_ROOT}/Manifest.lock\" > /dev/null\nif [ $? != 0 ] ; then\n    # print error to STDERR\n    echo \"error: The sandbox is not in sync with the Podfile.lock. Run 'pod install' or update your CocoaPods installation.\" >&2\n    exit 1\nfi\n";
			showEnvVarsInLog = 0;
		};
/* End PBXShellScriptBuildPhase section */

/* Begin PBXSourcesBuildPhase section */
		43372CFC1E7FB4BD002E2AE3 /* Sources */ = {
			isa = PBXSourcesBuildPhase;
			buildActionMask = 2147483647;
			files = (
				435B71F21EA60ACE00FBABBF /* FinishTableViewCell.swift in Sources */,
				435B71F01EA60AC100FBABBF /* InfoTableViewCell.swift in Sources */,
				434398171EAA66F900A8F220 /* UserManager.swift in Sources */,
				438EFDA71EB1C33700D9B18A /* ProfileSegmentRowView.swift in Sources */,
				43372D2A1E7FC7AC002E2AE3 /* SettingRowView.swift in Sources */,
				4322EB4E1E838EAF006B0D5D /* Time.swift in Sources */,
				438EFDA31EB1C31A00D9B18A /* ProfileTextFieldRowView.swift in Sources */,
				4326E9811E8BD9610057363B /* CacaProvider.swift in Sources */,
				43BA3FA71E8006E80052125B /* OpeningViewController.swift in Sources */,
				435B71F41EA60B9100FBABBF /* FillinTableViewController.swift in Sources */,
				435B71EC1EA6080E00FBABBF /* FinishRowView.swift in Sources */,
				43F2FA141E84BE4300E92290 /* SignUpViewController.swift in Sources */,
				438EFD9F1EB1C2F300D9B18A /* ProfilePhotoRowView.swift in Sources */,
				43811DC41EA8D64C0035B672 /* NumberCollectionViewCell.swift in Sources */,
				43372D241E7FC6B5002E2AE3 /* SettingTableViewController.swift in Sources */,
				43372D261E7FC780002E2AE3 /* RecordRowView.swift in Sources */,
				4322EB521E8398FA006B0D5D /* Palette.swift in Sources */,
				43811DC01EA8D5270035B672 /* NumberItemView.swift in Sources */,
				438B90AB1EA72960001E0A5E /* SpinnerItemRenderer.swift in Sources */,
				4322EB541E83A8C6006B0D5D /* Caca.swift in Sources */,
				4322EB441E82240F006B0D5D /* TimingViewController.swift in Sources */,
				43372D3D1E7FCCB5002E2AE3 /* CalendarNavigationController.swift in Sources */,
				4330959B1E8CE68200E65E08 /* SettingTableViewCell.swift in Sources */,
				4328DCA11E9C7233006D3FB8 /* ProfileViewController.swift in Sources */,
				4322EB581E83B73B006B0D5D /* RecordDetailViewController.swift in Sources */,
				43372D331E7FCA30002E2AE3 /* TabBarController.swift in Sources */,
				43BA3FB31E815DC30052125B /* RecordTableViewCell.swift in Sources */,
				435B71E81EA607F300FBABBF /* PhotoRowView.swift in Sources */,
				43372D3B1E7FCC9D002E2AE3 /* RecordNavigationController.swift in Sources */,
				438EFDAB1EB1C35A00D9B18A /* ProfileButtonRowView.swift in Sources */,
				4328DCAA1E9C8EA8006D3FB8 /* PrivacyRowView.swift in Sources */,
				4372BF191E969646005F5422 /* PasswordViewController.swift in Sources */,
				438B90AD1EA7360A001E0A5E /* Color.swift in Sources */,
				43372D3F1E7FCCC7002E2AE3 /* SettingNavigationController.swift in Sources */,
				4328DCA61E9C823A006D3FB8 /* PrivacyTableViewController.swift in Sources */,
				43811DC61EA8D7E20035B672 /* Authentication.swift in Sources */,
				4328DCAC1E9C8ED5006D3FB8 /* PrivacyTableViewCell.swift in Sources */,
				435B71EE1EA60AB500FBABBF /* PhotoTableViewCell.swift in Sources */,
				43372D221E7FC69D002E2AE3 /* CalendarViewController.swift in Sources */,
				43BA3FA41E7FF48E0052125B /* OpeningPageViewController.swift in Sources */,
				435B71EA1EA6080000FBABBF /* InfoRowView.swift in Sources */,
				43372D1F1E7FC635002E2AE3 /* RecordTableViewController.swift in Sources */,
				4396B58A1EA1F63A00A69C4E /* StartViewController.swift in Sources */,
				43372D391E7FCC84002E2AE3 /* CacaNavigationController.swift in Sources */,
				43372D041E7FB4BD002E2AE3 /* AppDelegate.swift in Sources */,
				438B90AF1EA73617001E0A5E /* Shape.swift in Sources */,
				4336811D1E8A441B00D51B5C /* CalendarCellView.swift in Sources */,
				43F2FA121E84BE2800E92290 /* SignInViewController.swift in Sources */,
				43372D0C1E7FB4BD002E2AE3 /* Caca.xcdatamodeld in Sources */,
				43372D1C1E7FC603002E2AE3 /* CacaViewController.swift in Sources */,
			);
			runOnlyForDeploymentPostprocessing = 0;
		};
/* End PBXSourcesBuildPhase section */

/* Begin PBXVariantGroup section */
		43372D0F1E7FB4BD002E2AE3 /* LaunchScreen.storyboard */ = {
			isa = PBXVariantGroup;
			children = (
				43372D101E7FB4BD002E2AE3 /* Base */,
			);
			name = LaunchScreen.storyboard;
			sourceTree = "<group>";
		};
/* End PBXVariantGroup section */

/* Begin XCBuildConfiguration section */
		43372D131E7FB4BD002E2AE3 /* Debug */ = {
			isa = XCBuildConfiguration;
			buildSettings = {
				ALWAYS_SEARCH_USER_PATHS = NO;
				CLANG_ANALYZER_NONNULL = YES;
				CLANG_CXX_LANGUAGE_STANDARD = "gnu++0x";
				CLANG_CXX_LIBRARY = "libc++";
				CLANG_ENABLE_MODULES = YES;
				CLANG_ENABLE_OBJC_ARC = YES;
				CLANG_WARN_BOOL_CONVERSION = YES;
				CLANG_WARN_CONSTANT_CONVERSION = YES;
				CLANG_WARN_DIRECT_OBJC_ISA_USAGE = YES_ERROR;
				CLANG_WARN_DOCUMENTATION_COMMENTS = YES;
				CLANG_WARN_EMPTY_BODY = YES;
				CLANG_WARN_ENUM_CONVERSION = YES;
				CLANG_WARN_INFINITE_RECURSION = YES;
				CLANG_WARN_INT_CONVERSION = YES;
				CLANG_WARN_OBJC_ROOT_CLASS = YES_ERROR;
				CLANG_WARN_SUSPICIOUS_MOVE = YES;
				CLANG_WARN_UNREACHABLE_CODE = YES;
				CLANG_WARN__DUPLICATE_METHOD_MATCH = YES;
				"CODE_SIGN_IDENTITY[sdk=iphoneos*]" = "iPhone Developer";
				COPY_PHASE_STRIP = NO;
				DEBUG_INFORMATION_FORMAT = dwarf;
				ENABLE_STRICT_OBJC_MSGSEND = YES;
				ENABLE_TESTABILITY = YES;
				GCC_C_LANGUAGE_STANDARD = gnu99;
				GCC_DYNAMIC_NO_PIC = NO;
				GCC_NO_COMMON_BLOCKS = YES;
				GCC_OPTIMIZATION_LEVEL = 0;
				GCC_PREPROCESSOR_DEFINITIONS = (
					"DEBUG=1",
					"$(inherited)",
				);
				GCC_WARN_64_TO_32_BIT_CONVERSION = YES;
				GCC_WARN_ABOUT_RETURN_TYPE = YES_ERROR;
				GCC_WARN_UNDECLARED_SELECTOR = YES;
				GCC_WARN_UNINITIALIZED_AUTOS = YES_AGGRESSIVE;
				GCC_WARN_UNUSED_FUNCTION = YES;
				GCC_WARN_UNUSED_VARIABLE = YES;
				IPHONEOS_DEPLOYMENT_TARGET = 10.2;
				MTL_ENABLE_DEBUG_INFO = YES;
				ONLY_ACTIVE_ARCH = YES;
				SDKROOT = iphoneos;
				SWIFT_ACTIVE_COMPILATION_CONDITIONS = DEBUG;
				SWIFT_OPTIMIZATION_LEVEL = "-Onone";
				VALID_ARCHS = "arm64 armv7 armv7s";
			};
			name = Debug;
		};
		43372D141E7FB4BD002E2AE3 /* Release */ = {
			isa = XCBuildConfiguration;
			buildSettings = {
				ALWAYS_SEARCH_USER_PATHS = NO;
				CLANG_ANALYZER_NONNULL = YES;
				CLANG_CXX_LANGUAGE_STANDARD = "gnu++0x";
				CLANG_CXX_LIBRARY = "libc++";
				CLANG_ENABLE_MODULES = YES;
				CLANG_ENABLE_OBJC_ARC = YES;
				CLANG_WARN_BOOL_CONVERSION = YES;
				CLANG_WARN_CONSTANT_CONVERSION = YES;
				CLANG_WARN_DIRECT_OBJC_ISA_USAGE = YES_ERROR;
				CLANG_WARN_DOCUMENTATION_COMMENTS = YES;
				CLANG_WARN_EMPTY_BODY = YES;
				CLANG_WARN_ENUM_CONVERSION = YES;
				CLANG_WARN_INFINITE_RECURSION = YES;
				CLANG_WARN_INT_CONVERSION = YES;
				CLANG_WARN_OBJC_ROOT_CLASS = YES_ERROR;
				CLANG_WARN_SUSPICIOUS_MOVE = YES;
				CLANG_WARN_UNREACHABLE_CODE = YES;
				CLANG_WARN__DUPLICATE_METHOD_MATCH = YES;
				"CODE_SIGN_IDENTITY[sdk=iphoneos*]" = "iPhone Developer";
				COPY_PHASE_STRIP = NO;
				DEBUG_INFORMATION_FORMAT = "dwarf-with-dsym";
				ENABLE_NS_ASSERTIONS = NO;
				ENABLE_STRICT_OBJC_MSGSEND = YES;
				GCC_C_LANGUAGE_STANDARD = gnu99;
				GCC_NO_COMMON_BLOCKS = YES;
				GCC_WARN_64_TO_32_BIT_CONVERSION = YES;
				GCC_WARN_ABOUT_RETURN_TYPE = YES_ERROR;
				GCC_WARN_UNDECLARED_SELECTOR = YES;
				GCC_WARN_UNINITIALIZED_AUTOS = YES_AGGRESSIVE;
				GCC_WARN_UNUSED_FUNCTION = YES;
				GCC_WARN_UNUSED_VARIABLE = YES;
				IPHONEOS_DEPLOYMENT_TARGET = 10.2;
				MTL_ENABLE_DEBUG_INFO = NO;
				SDKROOT = iphoneos;
				SWIFT_OPTIMIZATION_LEVEL = "-Owholemodule";
				VALIDATE_PRODUCT = YES;
				VALID_ARCHS = "arm64 armv7 armv7s";
			};
			name = Release;
		};
		43372D161E7FB4BD002E2AE3 /* Debug */ = {
			isa = XCBuildConfiguration;
			baseConfigurationReference = 7DADD57322E5B4218C94F560 /* Pods-Caca.debug.xcconfig */;
			buildSettings = {
				ASSETCATALOG_COMPILER_APPICON_NAME = AppIcon;
				"CODE_SIGN_IDENTITY[sdk=iphoneos*]" = "iPhone Developer";
				DEVELOPMENT_TEAM = V35V7R5VNP;
				INFOPLIST_FILE = Caca/Info.plist;
				IPHONEOS_DEPLOYMENT_TARGET = 10.2;
				LD_RUNPATH_SEARCH_PATHS = "$(inherited) @executable_path/Frameworks";
				PRODUCT_BUNDLE_IDENTIFIER = tw.hsinyutang.Caca;
				PRODUCT_NAME = "$(TARGET_NAME)";
				PROVISIONING_PROFILE_SPECIFIER = "";
				SWIFT_VERSION = 3.0;
			};
			name = Debug;
		};
		43372D171E7FB4BD002E2AE3 /* Release */ = {
			isa = XCBuildConfiguration;
			baseConfigurationReference = 7FD9A553529C5EDD2843816A /* Pods-Caca.release.xcconfig */;
			buildSettings = {
				ASSETCATALOG_COMPILER_APPICON_NAME = AppIcon;
				"CODE_SIGN_IDENTITY[sdk=iphoneos*]" = "iPhone Developer";
				DEVELOPMENT_TEAM = V35V7R5VNP;
				INFOPLIST_FILE = Caca/Info.plist;
				IPHONEOS_DEPLOYMENT_TARGET = 10.2;
				LD_RUNPATH_SEARCH_PATHS = "$(inherited) @executable_path/Frameworks";
				PRODUCT_BUNDLE_IDENTIFIER = tw.hsinyutang.Caca;
				PRODUCT_NAME = "$(TARGET_NAME)";
				PROVISIONING_PROFILE_SPECIFIER = "";
				SWIFT_VERSION = 3.0;
			};
			name = Release;
		};
/* End XCBuildConfiguration section */

/* Begin XCConfigurationList section */
		43372CFB1E7FB4BD002E2AE3 /* Build configuration list for PBXProject "Caca" */ = {
			isa = XCConfigurationList;
			buildConfigurations = (
				43372D131E7FB4BD002E2AE3 /* Debug */,
				43372D141E7FB4BD002E2AE3 /* Release */,
			);
			defaultConfigurationIsVisible = 0;
			defaultConfigurationName = Release;
		};
		43372D151E7FB4BD002E2AE3 /* Build configuration list for PBXNativeTarget "Caca" */ = {
			isa = XCConfigurationList;
			buildConfigurations = (
				43372D161E7FB4BD002E2AE3 /* Debug */,
				43372D171E7FB4BD002E2AE3 /* Release */,
			);
			defaultConfigurationIsVisible = 0;
			defaultConfigurationName = Release;
		};
/* End XCConfigurationList section */

/* Begin XCVersionGroup section */
		43372D0A1E7FB4BD002E2AE3 /* Caca.xcdatamodeld */ = {
			isa = XCVersionGroup;
			children = (
				43372D0B1E7FB4BD002E2AE3 /* Caca.xcdatamodel */,
			);
			currentVersion = 43372D0B1E7FB4BD002E2AE3 /* Caca.xcdatamodel */;
			path = Caca.xcdatamodeld;
			sourceTree = "<group>";
			versionGroupType = wrapper.xcdatamodel;
		};
/* End XCVersionGroup section */
	};
	rootObject = 43372CF81E7FB4BD002E2AE3 /* Project object */;
}
